# THIS IS AN AUTOGENERATED FILE. DO NOT EDIT THIS FILE DIRECTLY.
# yarn lockfile v1


"@types/node-int64@*":
  version "0.4.29"
  resolved "https://registry.yarnpkg.com/@types/node-int64/-/node-int64-0.4.29.tgz#8c7c16a7c1195ae4f8beaa903b0018ac66291d16"
  dependencies:
    "@types/node" "*"

"@types/node@*":
  version "10.5.2"
  resolved "https://registry.yarnpkg.com/@types/node/-/node-10.5.2.tgz#f19f05314d5421fe37e74153254201a7bf00a707"

"@types/q@*":
  version "1.5.0"
  resolved "https://registry.yarnpkg.com/@types/q/-/q-1.5.0.tgz#87567ea1206935405e51c03635b6cbf3a01f7bc4"

"@types/thrift@^0.10.7":
  version "0.10.7"
  resolved "https://registry.yarnpkg.com/@types/thrift/-/thrift-0.10.7.tgz#a80c032482fa8ee18b885dbf43dd4f95d1b7308a"
  dependencies:
    "@types/node" "*"
    "@types/node-int64" "*"
    "@types/q" "*"

async-limiter@~1.0.0:
  version "1.0.0"
  resolved "https://registry.yarnpkg.com/async-limiter/-/async-limiter-1.0.0.tgz#78faed8c3d074ab81f22b4e985d79e8738f720f8"

node-int64@^0.4.0:
  version "0.4.0"
  resolved "https://registry.yarnpkg.com/node-int64/-/node-int64-0.4.0.tgz#87a9065cdb355d3182d8f94ce11188b825c68a3b"

q@^1.5.0:
  version "1.5.1"
  resolved "https://registry.yarnpkg.com/q/-/q-1.5.1.tgz#7e32f75b41381291d04611f1bf14109ac00651d7"

thrift@^0.11.0:
  version "0.11.0"
  resolved "https://registry.yarnpkg.com/thrift/-/thrift-0.11.0.tgz#256115e4ff87871e12537f4b510bd2b425e13990"
  dependencies:
    node-int64 "^0.4.0"
    q "^1.5.0"
    ws ">= 2.2.3"

typescript@^2.9.2:
  version "2.9.2"
  resolved "https://registry.yarnpkg.com/typescript/-/typescript-2.9.2.tgz#1cbf61d05d6b96269244eb6a3bce4bd914e0f00c"

"ws@>= 2.2.3":
  version "5.2.1"
  resolved "https://registry.yarnpkg.com/ws/-/ws-5.2.1.tgz#37827a0ba772d072a843c3615b0ad38bcdb354eb"
  dependencies:
    async-limiter "~1.0.0"
